
Microsoft Visual Studio Solution File, Format Version 12.00
# Visual Studio Version 16
VisualStudioVersion = 16.0.31605.320
MinimumVisualStudioVersion = 10.0.40219.1
Project("{FAE04EC0-301F-11D3-BF4B-00C04F79EFBC}") = "Inverter_ModoConsole", "Inverter_ModoConsole\Inverter_ModoConsole.csproj", "{72205E35-E44B-4DB0-8736-D9808375A380}"
EndProject
Global
	GlobalSection(SolutionConfigurationPlatforms) = preSolution
		Debug|Any CPU = Debug|Any CPU
		Release|Any CPU = Release|Any CPU
	EndGlobalSection
	GlobalSection(ProjectConfigurationPlatforms) = postSolution
		{72205E35-E44B-4DB0-8736-D9808375A380}.Debug|Any CPU.ActiveCfg = Debug|Any CPU
		{72205E35-E44B-4DB0-8736-D9808375A380}.Debug|Any CPU.Build.0 = Debug|Any CPU
		{72205E35-E44B-4DB0-8736-D9808375A380}.Release|Any CPU.ActiveCfg = Release|Any CPU
		{72205E35-E44B-4DB0-8736-D9808375A380}.Release|Any CPU.Build.0 = Release|Any CPU
	EndGlobalSection
	GlobalSection(SolutionProperties) = preSolution
		HideSolutionNode = FALSE
	EndGlobalSection
	GlobalSection(ExtensibilityGlobals) = postSolution
		SolutionGuid = {558CFC76-6FC8-4515-B7D5-36C90140809C}
	EndGlobalSection
EndGlobal
